lockfileVersion: 5.3

specifiers:
  '@types/node': ^20.14.2
  axios: ^1.7.2
  dotenv: ^16.4.5
  file-box: ^1.4.15
  hyper-express: ^6.16.3
  typescript: ^5.4.5
  wechaty-puppet: ^1.20.2

dependencies:
  axios: 1.7.2
  dotenv: 16.4.5
  file-box: 1.4.15
  hyper-express: 6.16.3

devDependencies:
  '@types/node': 20.14.2
  typescript: 5.4.5
  wechaty-puppet: 1.20.2

packages:

  /@alloc/quick-lru/5.2.0:
    resolution: {integrity: sha512-UrcABB+4bUrFABwbluTIBErXwvbsU/V7TZWfmbgJfbkwiBuziS9gxdODUyuiecfdGQ85jglMW6juS3+z5TsKLw==}
    engines: {node: '>=10'}
    dev: true

  /@babel/runtime/7.24.7:
    resolution: {integrity: sha512-UwgBRMjJP+xv857DCngvqXI3Iq6J4v0wXmwc6sapg+zyhbwmQX67LUEFrkK5tbyJ30jGuG3ZvWpBiB9LCy1kWw==}
    engines: {node: '>=6.9.0'}
    dependencies:
      regenerator-runtime: 0.14.1

  /@jimp/bmp/0.16.13_@jimp+custom@0.16.13:
    resolution: {integrity: sha512-9edAxu7N2FX7vzkdl5Jo1BbACfycUtBQX+XBMcHA2bk62P8R0otgkHg798frgAk/WxQIzwxqOH6wMiCwrlAzdQ==}
    peerDependencies:
      '@jimp/custom': '>=0.3.5'
    dependencies:
      '@babel/runtime': 7.24.7
      '@jimp/custom': 0.16.13
      '@jimp/utils': 0.16.13
      bmp-js: 0.1.0

  /@jimp/core/0.16.13:
    resolution: {integrity: sha512-qXpA1tzTnlkTku9yqtuRtS/wVntvE6f3m3GNxdTdtmc+O+Wcg9Xo2ABPMh7Nc0AHbMKzwvwgB2JnjZmlmJEObg==}
    dependencies:
      '@babel/runtime': 7.24.7
      '@jimp/utils': 0.16.13
      any-base: 1.1.0
      buffer: 5.7.1
      exif-parser: 0.1.12
      file-type: 16.5.4
      load-bmfont: 1.4.1
      mkdirp: 0.5.6
      phin: 2.9.3
      pixelmatch: 4.0.2
      tinycolor2: 1.6.0

  /@jimp/custom/0.16.13:
    resolution: {integrity: sha512-LTATglVUPGkPf15zX1wTMlZ0+AU7cGEGF6ekVF1crA8eHUWsGjrYTB+Ht4E3HTrCok8weQG+K01rJndCp/l4XA==}
    dependencies:
      '@babel/runtime': 7.24.7
      '@jimp/core': 0.16.13

  /@jimp/gif/0.16.13_@jimp+custom@0.16.13:
    resolution: {integrity: sha512-yFAMZGv3o+YcjXilMWWwS/bv1iSqykFahFMSO169uVMtfQVfa90kt4/kDwrXNR6Q9i6VHpFiGZMlF2UnHClBvg==}
    peerDependencies:
      '@jimp/custom': '>=0.3.5'
    dependencies:
      '@babel/runtime': 7.24.7
      '@jimp/custom': 0.16.13
      '@jimp/utils': 0.16.13
      gifwrap: 0.9.4
      omggif: 1.0.10

  /@jimp/jpeg/0.16.13_@jimp+custom@0.16.13:
    resolution: {integrity: sha512-BJHlDxzTlCqP2ThqP8J0eDrbBfod7npWCbJAcfkKqdQuFk0zBPaZ6KKaQKyKxmWJ87Z6ohANZoMKEbtvrwz1AA==}
    peerDependencies:
      '@jimp/custom': '>=0.3.5'
    dependencies:
      '@babel/runtime': 7.24.7
      '@jimp/custom': 0.16.13
      '@jimp/utils': 0.16.13
      jpeg-js: 0.4.4

  /@jimp/plugin-blit/0.16.13_@jimp+custom@0.16.13:
    resolution: {integrity: sha512-8Z1k96ZFxlhK2bgrY1JNWNwvaBeI/bciLM0yDOni2+aZwfIIiC7Y6PeWHTAvjHNjphz+XCt01WQmOYWCn0ML6g==}
    peerDependencies:
      '@jimp/custom': '>=0.3.5'
    dependencies:
      '@babel/runtime': 7.24.7
      '@jimp/custom': 0.16.13
      '@jimp/utils': 0.16.13

  /@jimp/plugin-blur/0.16.13_@jimp+custom@0.16.13:
    resolution: {integrity: sha512-PvLrfa8vkej3qinlebyhLpksJgCF5aiysDMSVhOZqwH5nQLLtDE9WYbnsofGw4r0VVpyw3H/ANCIzYTyCtP9Cg==}
    peerDependencies:
      '@jimp/custom': '>=0.3.5'
    dependencies:
      '@babel/runtime': 7.24.7
      '@jimp/custom': 0.16.13
      '@jimp/utils': 0.16.13

  /@jimp/plugin-circle/0.16.13_@jimp+custom@0.16.13:
    resolution: {integrity: sha512-RNave7EFgZrb5V5EpdvJGAEHMnDAJuwv05hKscNfIYxf0kR3KhViBTDy+MoTnMlIvaKFULfwIgaZWzyhuINMzA==}
    peerDependencies:
      '@jimp/custom': '>=0.3.5'
    dependencies:
      '@babel/runtime': 7.24.7
      '@jimp/custom': 0.16.13
      '@jimp/utils': 0.16.13

  /@jimp/plugin-color/0.16.13_@jimp+custom@0.16.13:
    resolution: {integrity: sha512-xW+9BtEvoIkkH/Wde9ql4nAFbYLkVINhpgAE7VcBUsuuB34WUbcBl/taOuUYQrPEFQJ4jfXiAJZ2H/rvKjCVnQ==}
    peerDependencies:
      '@jimp/custom': '>=0.3.5'
    dependencies:
      '@babel/runtime': 7.24.7
      '@jimp/custom': 0.16.13
      '@jimp/utils': 0.16.13
      tinycolor2: 1.6.0

  /@jimp/plugin-contain/0.16.13_c4c7768ba0ca42c90fb0e28e0fe8c0b5:
    resolution: {integrity: sha512-QayTXw4tXMwU6q6acNTQrTTFTXpNRBe+MgTGMDU0lk+23PjlFCO/9sacflelG8lsp7vNHhAxFeHptDMAksEYzg==}
    peerDependencies:
      '@jimp/custom': '>=0.3.5'
      '@jimp/plugin-blit': '>=0.3.5'
      '@jimp/plugin-resize': '>=0.3.5'
      '@jimp/plugin-scale': '>=0.3.5'
    dependencies:
      '@babel/runtime': 7.24.7
      '@jimp/custom': 0.16.13
      '@jimp/plugin-blit': 0.16.13_@jimp+custom@0.16.13
      '@jimp/plugin-resize': 0.16.13_@jimp+custom@0.16.13
      '@jimp/plugin-scale': 0.16.13_192ec64857fdadca6ea253234346aff2
      '@jimp/utils': 0.16.13

  /@jimp/plugin-cover/0.16.13_5a73597f987131c5f816b4f31195a12d:
    resolution: {integrity: sha512-BSsP71GTNaqWRcvkbWuIVH+zK7b3TSNebbhDkFK0fVaUTzHuKMS/mgY4hDZIEVt7Rf5FjadAYtsujHN9w0iSYA==}
    peerDependencies:
      '@jimp/custom': '>=0.3.5'
      '@jimp/plugin-crop': '>=0.3.5'
      '@jimp/plugin-resize': '>=0.3.5'
      '@jimp/plugin-scale': '>=0.3.5'
    dependencies:
      '@babel/runtime': 7.24.7
      '@jimp/custom': 0.16.13
      '@jimp/plugin-crop': 0.16.13_@jimp+custom@0.16.13
      '@jimp/plugin-resize': 0.16.13_@jimp+custom@0.16.13
      '@jimp/plugin-scale': 0.16.13_192ec64857fdadca6ea253234346aff2
      '@jimp/utils': 0.16.13

  /@jimp/plugin-crop/0.16.13_@jimp+custom@0.16.13:
    resolution: {integrity: sha512-WEl2tPVYwzYL8OKme6Go2xqiWgKsgxlMwyHabdAU4tXaRwOCnOI7v4021gCcBb9zn/oWwguHuKHmK30Fw2Z/PA==}
    peerDependencies:
      '@jimp/custom': '>=0.3.5'
    dependencies:
      '@babel/runtime': 7.24.7
      '@jimp/custom': 0.16.13
      '@jimp/utils': 0.16.13

  /@jimp/plugin-displace/0.16.13_@jimp+custom@0.16.13:
    resolution: {integrity: sha512-qt9WKq8vWrcjySa9DyQ0x/RBMHQeiVjdVSY1SJsMjssPUf0pS74qorcuAkGi89biN3YoGUgPkpqECnAWnYwgGA==}
    peerDependencies:
      '@jimp/custom': '>=0.3.5'
    dependencies:
      '@babel/runtime': 7.24.7
      '@jimp/custom': 0.16.13
      '@jimp/utils': 0.16.13

  /@jimp/plugin-dither/0.16.13_@jimp+custom@0.16.13:
    resolution: {integrity: sha512-5/N3yJggbWQTlGZHQYJPmQXEwR52qaXjEzkp1yRBbtdaekXE3BG/suo0fqeoV/csf8ooI78sJzYmIrxNoWVtgQ==}
    peerDependencies:
      '@jimp/custom': '>=0.3.5'
    dependencies:
      '@babel/runtime': 7.24.7
      '@jimp/custom': 0.16.13
      '@jimp/utils': 0.16.13

  /@jimp/plugin-fisheye/0.16.13_@jimp+custom@0.16.13:
    resolution: {integrity: sha512-2rZmTdFbT/cF9lEZIkXCYO0TsT114Q27AX5IAo0Sju6jVQbvIk1dFUTnwLDadTo8wkJlFzGqMQ24Cs8cHWOliA==}
    peerDependencies:
      '@jimp/custom': '>=0.3.5'
    dependencies:
      '@babel/runtime': 7.24.7
      '@jimp/custom': 0.16.13
      '@jimp/utils': 0.16.13

  /@jimp/plugin-flip/0.16.13_1a1b066d0fde2f40b2995ca7f497706d:
    resolution: {integrity: sha512-EmcgAA74FTc5u7Z+hUO/sRjWwfPPLuOQP5O64x5g4j0T12Bd29IgsYZxoutZo/rb3579+JNa/3wsSEmyVv1EpA==}
    peerDependencies:
      '@jimp/custom': '>=0.3.5'
      '@jimp/plugin-rotate': '>=0.3.5'
    dependencies:
      '@babel/runtime': 7.24.7
      '@jimp/custom': 0.16.13
      '@jimp/plugin-rotate': 0.16.13_4195f7bf0f8b72a7fa1157dbfec1f290
      '@jimp/utils': 0.16.13

  /@jimp/plugin-gaussian/0.16.13_@jimp+custom@0.16.13:
    resolution: {integrity: sha512-A1XKfGQD0iDdIiKqFYi8nZMv4dDVYdxbrmgR7y/CzUHhSYdcmoljLIIsZZM3Iks/Wa353W3vtvkWLuDbQbch1w==}
    peerDependencies:
      '@jimp/custom': '>=0.3.5'
    dependencies:
      '@babel/runtime': 7.24.7
      '@jimp/custom': 0.16.13
      '@jimp/utils': 0.16.13

  /@jimp/plugin-invert/0.16.13_@jimp+custom@0.16.13:
    resolution: {integrity: sha512-xFMrIn7czEZbdbMzZWuaZFnlLGJDVJ82y5vlsKsXRTG2kcxRsMPXvZRWHV57nSs1YFsNqXSbrC8B98n0E32njQ==}
    peerDependencies:
      '@jimp/custom': '>=0.3.5'
    dependencies:
      '@babel/runtime': 7.24.7
      '@jimp/custom': 0.16.13
      '@jimp/utils': 0.16.13

  /@jimp/plugin-mask/0.16.13_@jimp+custom@0.16.13:
    resolution: {integrity: sha512-wLRYKVBXql2GAYgt6FkTnCfE+q5NomM7Dlh0oIPGAoMBWDyTx0eYutRK6PlUrRK2yMHuroAJCglICTbxqGzowQ==}
    peerDependencies:
      '@jimp/custom': '>=0.3.5'
    dependencies:
      '@babel/runtime': 7.24.7
      '@jimp/custom': 0.16.13
      '@jimp/utils': 0.16.13

  /@jimp/plugin-normalize/0.16.13_@jimp+custom@0.16.13:
    resolution: {integrity: sha512-3tfad0n9soRna4IfW9NzQdQ2Z3ijkmo21DREHbE6CGcMIxOSvfRdSvf1qQPApxjTSo8LTU4MCi/fidx/NZ0GqQ==}
    peerDependencies:
      '@jimp/custom': '>=0.3.5'
    dependencies:
      '@babel/runtime': 7.24.7
      '@jimp/custom': 0.16.13
      '@jimp/utils': 0.16.13

  /@jimp/plugin-print/0.16.13_27b2b7e6e35d304d22ecc9362e253627:
    resolution: {integrity: sha512-0m6i3p01PGRkGAK9r53hDYrkyMq+tlhLOIbsSTmZyh6HLshUKlTB7eXskF5OpVd5ZUHoltlNc6R+ggvKIzxRFw==}
    peerDependencies:
      '@jimp/custom': '>=0.3.5'
      '@jimp/plugin-blit': '>=0.3.5'
    dependencies:
      '@babel/runtime': 7.24.7
      '@jimp/custom': 0.16.13
      '@jimp/plugin-blit': 0.16.13_@jimp+custom@0.16.13
      '@jimp/utils': 0.16.13
      load-bmfont: 1.4.1

  /@jimp/plugin-resize/0.16.13_@jimp+custom@0.16.13:
    resolution: {integrity: sha512-qoqtN8LDknm3fJm9nuPygJv30O3vGhSBD2TxrsCnhtOsxKAqVPJtFVdGd/qVuZ8nqQANQmTlfqTiK9mVWQ7MiQ==}
    peerDependencies:
      '@jimp/custom': '>=0.3.5'
    dependencies:
      '@babel/runtime': 7.24.7
      '@jimp/custom': 0.16.13
      '@jimp/utils': 0.16.13

  /@jimp/plugin-rotate/0.16.13_4195f7bf0f8b72a7fa1157dbfec1f290:
    resolution: {integrity: sha512-Ev+Jjmj1nHYw897z9C3R9dYsPv7S2/nxdgfFb/h8hOwK0Ovd1k/+yYS46A0uj/JCKK0pQk8wOslYBkPwdnLorw==}
    peerDependencies:
      '@jimp/custom': '>=0.3.5'
      '@jimp/plugin-blit': '>=0.3.5'
      '@jimp/plugin-crop': '>=0.3.5'
      '@jimp/plugin-resize': '>=0.3.5'
    dependencies:
      '@babel/runtime': 7.24.7
      '@jimp/custom': 0.16.13
      '@jimp/plugin-blit': 0.16.13_@jimp+custom@0.16.13
      '@jimp/plugin-crop': 0.16.13_@jimp+custom@0.16.13
      '@jimp/plugin-resize': 0.16.13_@jimp+custom@0.16.13
      '@jimp/utils': 0.16.13

  /@jimp/plugin-scale/0.16.13_192ec64857fdadca6ea253234346aff2:
    resolution: {integrity: sha512-05POQaEJVucjTiSGMoH68ZiELc7QqpIpuQlZ2JBbhCV+WCbPFUBcGSmE7w4Jd0E2GvCho/NoMODLwgcVGQA97A==}
    peerDependencies:
      '@jimp/custom': '>=0.3.5'
      '@jimp/plugin-resize': '>=0.3.5'
    dependencies:
      '@babel/runtime': 7.24.7
      '@jimp/custom': 0.16.13
      '@jimp/plugin-resize': 0.16.13_@jimp+custom@0.16.13
      '@jimp/utils': 0.16.13

  /@jimp/plugin-shadow/0.16.13_a3fec024b4c5752fe4dd756eb46c2c0c:
    resolution: {integrity: sha512-nmu5VSZ9hsB1JchTKhnnCY+paRBnwzSyK5fhkhtQHHoFD5ArBQ/5wU8y6tCr7k/GQhhGq1OrixsECeMjPoc8Zw==}
    peerDependencies:
      '@jimp/custom': '>=0.3.5'
      '@jimp/plugin-blur': '>=0.3.5'
      '@jimp/plugin-resize': '>=0.3.5'
    dependencies:
      '@babel/runtime': 7.24.7
      '@jimp/custom': 0.16.13
      '@jimp/plugin-blur': 0.16.13_@jimp+custom@0.16.13
      '@jimp/plugin-resize': 0.16.13_@jimp+custom@0.16.13
      '@jimp/utils': 0.16.13

  /@jimp/plugin-threshold/0.16.13_b27e8a1dba1eeb17e0016175f26f625e:
    resolution: {integrity: sha512-+3zArBH0OE3Rhjm4HyAokMsZlIq5gpQec33CncyoSwxtRBM2WAhUVmCUKuBo+Lr/2/4ISoY4BWpHKhMLDix6cA==}
    peerDependencies:
      '@jimp/custom': '>=0.3.5'
      '@jimp/plugin-color': '>=0.8.0'
      '@jimp/plugin-resize': '>=0.8.0'
    dependencies:
      '@babel/runtime': 7.24.7
      '@jimp/custom': 0.16.13
      '@jimp/plugin-color': 0.16.13_@jimp+custom@0.16.13
      '@jimp/plugin-resize': 0.16.13_@jimp+custom@0.16.13
      '@jimp/utils': 0.16.13

  /@jimp/plugins/0.16.13_@jimp+custom@0.16.13:
    resolution: {integrity: sha512-CJLdqODEhEVs4MgWCxpWL5l95sCBlkuSLz65cxEm56X5akIsn4LOlwnKoSEZioYcZUBvHhCheH67AyPTudfnQQ==}
    peerDependencies:
      '@jimp/custom': '>=0.3.5'
    dependencies:
      '@babel/runtime': 7.24.7
      '@jimp/custom': 0.16.13
      '@jimp/plugin-blit': 0.16.13_@jimp+custom@0.16.13
      '@jimp/plugin-blur': 0.16.13_@jimp+custom@0.16.13
      '@jimp/plugin-circle': 0.16.13_@jimp+custom@0.16.13
      '@jimp/plugin-color': 0.16.13_@jimp+custom@0.16.13
      '@jimp/plugin-contain': 0.16.13_c4c7768ba0ca42c90fb0e28e0fe8c0b5
      '@jimp/plugin-cover': 0.16.13_5a73597f987131c5f816b4f31195a12d
      '@jimp/plugin-crop': 0.16.13_@jimp+custom@0.16.13
      '@jimp/plugin-displace': 0.16.13_@jimp+custom@0.16.13
      '@jimp/plugin-dither': 0.16.13_@jimp+custom@0.16.13
      '@jimp/plugin-fisheye': 0.16.13_@jimp+custom@0.16.13
      '@jimp/plugin-flip': 0.16.13_1a1b066d0fde2f40b2995ca7f497706d
      '@jimp/plugin-gaussian': 0.16.13_@jimp+custom@0.16.13
      '@jimp/plugin-invert': 0.16.13_@jimp+custom@0.16.13
      '@jimp/plugin-mask': 0.16.13_@jimp+custom@0.16.13
      '@jimp/plugin-normalize': 0.16.13_@jimp+custom@0.16.13
      '@jimp/plugin-print': 0.16.13_27b2b7e6e35d304d22ecc9362e253627
      '@jimp/plugin-resize': 0.16.13_@jimp+custom@0.16.13
      '@jimp/plugin-rotate': 0.16.13_4195f7bf0f8b72a7fa1157dbfec1f290
      '@jimp/plugin-scale': 0.16.13_192ec64857fdadca6ea253234346aff2
      '@jimp/plugin-shadow': 0.16.13_a3fec024b4c5752fe4dd756eb46c2c0c
      '@jimp/plugin-threshold': 0.16.13_b27e8a1dba1eeb17e0016175f26f625e
      timm: 1.7.1

  /@jimp/png/0.16.13_@jimp+custom@0.16.13:
    resolution: {integrity: sha512-8cGqINvbWJf1G0Her9zbq9I80roEX0A+U45xFby3tDWfzn+Zz8XKDF1Nv9VUwVx0N3zpcG1RPs9hfheG4Cq2kg==}
    peerDependencies:
      '@jimp/custom': '>=0.3.5'
    dependencies:
      '@babel/runtime': 7.24.7
      '@jimp/custom': 0.16.13
      '@jimp/utils': 0.16.13
      pngjs: 3.4.0

  /@jimp/tiff/0.16.13_@jimp+custom@0.16.13:
    resolution: {integrity: sha512-oJY8d9u95SwW00VPHuCNxPap6Q1+E/xM5QThb9Hu+P6EGuu6lIeLaNBMmFZyblwFbwrH+WBOZlvIzDhi4Dm/6Q==}
    peerDependencies:
      '@jimp/custom': '>=0.3.5'
    dependencies:
      '@babel/runtime': 7.24.7
      '@jimp/custom': 0.16.13
      utif: 2.0.1

  /@jimp/types/0.16.13_@jimp+custom@0.16.13:
    resolution: {integrity: sha512-mC0yVNUobFDjoYLg4hoUwzMKgNlxynzwt3cDXzumGvRJ7Kb8qQGOWJQjQFo5OxmGExqzPphkirdbBF88RVLBCg==}
    peerDependencies:
      '@jimp/custom': '>=0.3.5'
    dependencies:
      '@babel/runtime': 7.24.7
      '@jimp/bmp': 0.16.13_@jimp+custom@0.16.13
      '@jimp/custom': 0.16.13
      '@jimp/gif': 0.16.13_@jimp+custom@0.16.13
      '@jimp/jpeg': 0.16.13_@jimp+custom@0.16.13
      '@jimp/png': 0.16.13_@jimp+custom@0.16.13
      '@jimp/tiff': 0.16.13_@jimp+custom@0.16.13
      timm: 1.7.1

  /@jimp/utils/0.16.13:
    resolution: {integrity: sha512-VyCpkZzFTHXtKgVO35iKN0sYR10psGpV6SkcSeV4oF7eSYlR8Bl6aQLCzVeFjvESF7mxTmIiI3/XrMobVrtxDA==}
    dependencies:
      '@babel/runtime': 7.24.7
      regenerator-runtime: 0.13.11

  /@pipeletteio/nop/1.0.5:
    resolution: {integrity: sha512-ZnSPIltu/KFPTJXRpeoLGgtJZbUjmImx8n1AP6fWQ5RgxWfiF5EcbNGUA6VZglQ/SOQ+vyvhRTYnffwCCTR46w==}
    engines: {node: '>= 12.0.0'}

  /@tokenizer/token/0.3.0:
    resolution: {integrity: sha512-OvjF+z51L3ov0OyAU0duzsYuvO01PH7x4t6DJx+guahgTnBHkhJdG7soQeTSFLWN3efnHyibZ4Z8l2EuWwJN3A==}

  /@types/node/16.9.1:
    resolution: {integrity: sha512-QpLcX9ZSsq3YYUUnD3nFDY8H7wctAhQj/TFKL8Ya8v5fMm3CFXxo8zStsLAl780ltoYoo1WvKUVGBQK+1ifr7g==}

  /@types/node/20.14.2:
    resolution: {integrity: sha512-xyu6WAMVwv6AKFLB+e/7ySZVr/0zLCzOa7rSpq6jNwpqOrUbcACDWC+53d4n2QHOnDou0fbIsg8wZu/sxrnI4Q==}
    dependencies:
      undici-types: 5.26.5
    dev: true

  /accepts/1.3.8:
    resolution: {integrity: sha512-PYAthTa2m2VKxuvSD3DPC/Gy+U+sOA1LAuT8mkmRuvw+NACSaeXEQ+NHcVF7rONl6qcaxV3Uuemwawk+7+SJLw==}
    engines: {node: '>= 0.6'}
    dependencies:
      mime-types: 2.1.35
      negotiator: 0.6.3
    dev: false

  /ansi-regex/5.0.1:
    resolution: {integrity: sha512-quJQXlTSUGL2LH9SUXo8VwsY4soanhgo6LNSm84E1LBcE8s3O0wpdiRzyR9z/ZZJMlMWv37qOOb9pdJlMUEKFQ==}
    engines: {node: '>=8'}

  /ansi-styles/4.3.0:
    resolution: {integrity: sha512-zbB9rCJAT1rbjiVDb2hqKFHNYLxgtk8NURxZ3IZwD3F6NtxbXZQCnnSi1Lkx+IDohdPlFp222wVALIheZJQSEg==}
    engines: {node: '>=8'}
    dependencies:
      color-convert: 2.0.1

  /any-base/1.1.0:
    resolution: {integrity: sha512-uMgjozySS8adZZYePpaWs8cxB9/kdzmpX6SgJZ+wbz1K5eYk5QMYDVJaZKhxyIHUdnnJkfR7SVgStgH7LkGUyg==}

  /async-map-like/1.0.2:
    resolution: {integrity: sha512-TfbF6NQOVZPKGXhQmfh8gOzC7+XSBGmqU6eqRoMdc4soScKkkui5ZwV40A4Scc3fWP+zZ5qJjOXzCuksUWqluA==}
    engines: {node: '>=16', npm: '>=7'}
    dev: true

  /asynckit/0.4.0:
    resolution: {integrity: sha512-Oei9OH4tRh0YqU3GxhX79dM/mwVgvbZJaSNaRk+bshkj0S5cfHcgYakreBjrHwatXKbz+IoIdYLxrKim2MjW0Q==}
    dev: false

  /axios/1.7.2:
    resolution: {integrity: sha512-2A8QhOMrbomlDuiLeK9XibIBzuHeRcqqNOHp0Cyp5EoJ1IFDh+XZH3A6BkXtv0K4gFGCI0Y4BM7B1wOEi0Rmgw==}
    dependencies:
      follow-redirects: 1.15.6
      form-data: 4.0.0
      proxy-from-env: 1.1.0
    transitivePeerDependencies:
      - debug
    dev: false

  /base64-js/1.5.1:
    resolution: {integrity: sha512-AKpaYlHn8t4SVbOHCy+b5+KKgvR4vrsD8vbvrbiQJps7fKDTkjkDry6ji0rUJjC0kzbNePLwzxq8iypo41qeWA==}

  /bmp-js/0.1.0:
    resolution: {integrity: sha512-vHdS19CnY3hwiNdkaqk93DvjVLfbEcI8mys4UjuWrlX1haDmroo8o4xCzh4wD6DGV6HxRCyauwhHRqMTfERtjw==}

  /brolog/1.14.2:
    resolution: {integrity: sha512-zUMVJsef1zPUJ9YRKQia1/O8wKOkOWT8gaSfKmISPqg5adGanQ2iQHoEIAJN1glxPYAq8sV1sazwRrMnbpHpBw==}
    engines: {node: '>=16', npm: '>=7'}
    dependencies:
      '@pipeletteio/nop': 1.0.5

  /buffer-equal/0.0.1:
    resolution: {integrity: sha512-RgSV6InVQ9ODPdLWJ5UAqBqJBOg370Nz6ZQtRzpt6nUjc8v0St97uJ4PYC6NztqIScrAXafKM3mZPMygSe1ggA==}
    engines: {node: '>=0.4.0'}

  /buffer/5.7.1:
    resolution: {integrity: sha512-EHcyIPBQ4BSGlvjB16k5KgAJ27CIsHY/2JBmCRReo48y9rQ3MaUzWX3KVlBa4U7MyX02HdVj0K7C3WaB3ju7FQ==}
    dependencies:
      base64-js: 1.5.1
      ieee754: 1.2.1

  /busboy/1.6.0:
    resolution: {integrity: sha512-8SFQbg/0hQ9xy3UNTB0YEnsNBbWfhf7RtnzpL7TkBiTBRfrQ9Fxcnz7VJsleJpyp6rVLvXiuORqjlHi5q+PYuA==}
    engines: {node: '>=10.16.0'}
    dependencies:
      streamsearch: 1.1.0
    dev: false

  /camelcase/5.3.1:
    resolution: {integrity: sha512-L28STB170nwWS63UjtlEOE3dldQApaJXZkOI1uMFfzf3rRuPegHaHesyee+YxQ+W6SvRDQV6UrdOdRiR153wJg==}
    engines: {node: '>=6'}

  /cliui/6.0.0:
    resolution: {integrity: sha512-t6wbgtoCXvAzst7QgXxJYqPt0usEfbgQdftEPbLL/cvv6HPE5VgvqCuAIDR0NgU52ds6rFwqrgakNLrHEjCbrQ==}
    dependencies:
      string-width: 4.2.3
      strip-ansi: 6.0.1
      wrap-ansi: 6.2.0

  /clone-class/1.1.3:
    resolution: {integrity: sha512-Ysivmcmx+6+YcWsVK7GS5n+zf4vbF8QtrC5oZYXOB1EbqlraGebsks51WqP2HjPZe40rnZpVI/l9EVXEUmN3Vg==}
    engines: {node: '>=16', npm: '>=7'}

  /color-convert/2.0.1:
    resolution: {integrity: sha512-RRECPsj7iu/xb5oKYcsFHSppFNnsj/52OVTRKb4zP5onXwVF3zVmmToNcOfGC+CRDpfK/U584fMg38ZHCaElKQ==}
    engines: {node: '>=7.0.0'}
    dependencies:
      color-name: 1.1.4

  /color-name/1.1.4:
    resolution: {integrity: sha512-dOy+3AuW3a2wNbZHIuMZpTcgjGuLU/uBL/ubcZF9OXbDo8ff4O8yVp5Bf0efS8uEoYo5q4Fx7dY9OgQGXgAsQA==}

  /combined-stream/1.0.8:
    resolution: {integrity: sha512-FQN4MRfuJeHf7cBbBMJFXhKSDq+2kAArBlmRBvcvFE5BB1HZKXtSFASDhdlz9zOYwxh8lDdnvmMOe/+5cdoEdg==}
    engines: {node: '>= 0.8'}
    dependencies:
      delayed-stream: 1.0.0
    dev: false

  /cookie-signature/1.2.1:
    resolution: {integrity: sha512-78KWk9T26NhzXtuL26cIJ8/qNHANyJ/ZYrmEXFzUmhZdjpBv+DlWlOANRTGBt48YcyslsLrj0bMLFTmXvLRCOw==}
    engines: {node: '>=6.6.0'}
    dev: false

  /cookie/0.4.2:
    resolution: {integrity: sha512-aSWTXFzaKWkvHO1Ny/s+ePFpvKsPnjc551iI41v3ny/ow6tBG5Vd+FuqGNhh1LxOmVzOlGUriIlOaokOvhaStA==}
    engines: {node: '>= 0.6'}
    dev: false

  /decamelize/1.2.0:
    resolution: {integrity: sha512-z2S+W9X73hAUUki+N+9Za2lBlun89zigOyGrsax+KUQ6wKW4ZoWpEYBkGhQjwAjjDCkWxhY0VKEhk8wzY7F5cA==}
    engines: {node: '>=0.10.0'}

  /delayed-stream/1.0.0:
    resolution: {integrity: sha512-ZySD7Nf91aLB0RxL4KGrKHBXl7Eds1DAmEdcoVawXnLD7SDhpNgtuII2aAkg7a7QS41jxPSZ17p4VdGnMHk3MQ==}
    engines: {node: '>=0.4.0'}
    dev: false

  /dijkstrajs/1.0.3:
    resolution: {integrity: sha512-qiSlmBq9+BCdCA/L46dw8Uy93mloxsPSbwnm5yrKn2vMPiy8KyAskTF6zuV/j5BMsmOGZDPs7KjU+mjb670kfA==}

  /dom-walk/0.1.2:
    resolution: {integrity: sha512-6QvTW9mrGeIegrFXdtQi9pk7O/nSK6lSdXW2eqUspN5LWD7UTji2Fqw5V2YLjBpHEoU9Xl/eUWNpDeZvoyOv2w==}

  /dotenv/16.4.5:
    resolution: {integrity: sha512-ZmdL2rui+eB2YwhsWzjInR8LldtZHGDoQ1ugH85ppHKwpUHL7j7rN0Ti9NCnGiQbhaZ11FpR+7ao1dNsmduNUg==}
    engines: {node: '>=12'}
    dev: false

  /emoji-regex/8.0.0:
    resolution: {integrity: sha512-MSjYzcWNOA0ewAHpz0MxpYFvwg6yjy1NG3xteoqz644VCo/RPgnr1/GGt+ic3iJTzQ8Eu3TdM14SawnVUmGE6A==}

  /encode-utf8/1.0.3:
    resolution: {integrity: sha512-ucAnuBEhUK4boH2HjVYG5Q2mQyPorvv0u/ocS+zhdw0S8AlHYY+GOFhP1Gio5z4icpP2ivFSvhtFjQi8+T9ppw==}

  /exif-parser/0.1.12:
    resolution: {integrity: sha512-c2bQfLNbMzLPmzQuOr8fy0csy84WmwnER81W88DzTp9CYNPJ6yzOj2EZAh9pywYpqHnshVLHQJ8WzldAyfY+Iw==}

  /file-box/1.4.15:
    resolution: {integrity: sha512-13x06z1c33UJm7Urp1AZM/16s5WXr9nJBVqyicyrI+gl5qUYGwz0cimPV0chMQs1MOVpImlY3JHM+JR2MzyC6g==}
    engines: {node: '>=16', npm: '>=7'}
    dependencies:
      brolog: 1.14.2
      clone-class: 1.1.3
      jimp: 0.16.13
      jsqr: 1.4.0
      mime: 3.0.0
      qrcode: 1.5.3
      uuid: 8.3.2

  /file-type/16.5.4:
    resolution: {integrity: sha512-/yFHK0aGjFEgDJjEKP0pWCplsPFPhwyfwevf/pVxiN0tmE4L9LmwWxWukdJSHdoCli4VgQLehjJtwQBnqmsKcw==}
    engines: {node: '>=10'}
    dependencies:
      readable-web-to-node-stream: 3.0.2
      strtok3: 6.3.0
      token-types: 4.2.1

  /find-up/4.1.0:
    resolution: {integrity: sha512-PpOwAdQ/YlXQ2vj8a3h8IipDuYRi3wceVQQGYWxNINccq40Anw7BlsEXCMbt1Zt+OLA6Fq9suIpIWD0OsnISlw==}
    engines: {node: '>=8'}
    dependencies:
      locate-path: 5.0.0
      path-exists: 4.0.0

  /follow-redirects/1.15.6:
    resolution: {integrity: sha512-wWN62YITEaOpSK584EZXJafH1AGpO8RVgElfkuXbTOrPX4fIfOyEpW/CsiNd8JdYrAoOvafRTOEnvsO++qCqFA==}
    engines: {node: '>=4.0'}
    peerDependencies:
      debug: '*'
    peerDependenciesMeta:
      debug:
        optional: true
    dev: false

  /form-data/4.0.0:
    resolution: {integrity: sha512-ETEklSGi5t0QMZuiXoA/Q6vcnxcLQP5vdugSpuAyi6SVGi2clPPp+xgEhuMaHC+zGgn31Kd235W35f7Hykkaww==}
    engines: {node: '>= 6'}
    dependencies:
      asynckit: 0.4.0
      combined-stream: 1.0.8
      mime-types: 2.1.35
    dev: false

  /fp-ts/2.16.6:
    resolution: {integrity: sha512-v7w209VPj4L6pPn/ftFRJu31Oa8QagwcVw7BZmLCUWU4AQoc954rX9ogSIahDf67Pg+GjPbkW/Kn9XWnlWJG0g==}
    dev: true

  /gerror/1.0.16:
    resolution: {integrity: sha512-Gspk5RySiEip/Q41Yjh72wr/rkI7c0Ow6WcXA5J0Sdqnj9JK3sR9y1KGxgavbWlraxuF7M+S+K6jbtP3WiPwSQ==}
    engines: {node: '>=16', npm: '>=7'}
    dev: true

  /get-caller-file/2.0.5:
    resolution: {integrity: sha512-DyFP3BM/3YHTQOCUL/w0OZHR0lpKeGrxotcHWcqNEdnltqFwXVfhEBQ94eIo34AfQpo0rGki4cyIiftY06h2Fg==}
    engines: {node: 6.* || 8.* || >= 10.*}

  /gifwrap/0.9.4:
    resolution: {integrity: sha512-MDMwbhASQuVeD4JKd1fKgNgCRL3fGqMM4WaqpNhWO0JiMOAjbQdumbs4BbBZEy9/M00EHEjKN3HieVhCUlwjeQ==}
    dependencies:
      image-q: 4.0.0
      omggif: 1.0.10

  /global/4.4.0:
    resolution: {integrity: sha512-wv/LAoHdRE3BeTGz53FAamhGlPLhlssK45usmGFThIi4XqnBmjKQ16u+RNbP7WvigRZDxUsM0J3gcQ5yicaL0w==}
    dependencies:
      min-document: 2.19.0
      process: 0.11.10

  /hyper-express/6.16.3:
    resolution: {integrity: sha512-hDxq1S365Ic5nupyuFUJDwmeG4UyhKRfI72P0QIHYE7ATMGDqlZv5a26Y0BcZ1Rn/W2mS2z/97Qj8AjKqnhWzQ==}
    dependencies:
      accepts: 1.3.8
      busboy: 1.6.0
      cookie: 0.4.2
      cookie-signature: 1.2.1
      mime-types: 2.1.35
      range-parser: 1.2.1
      type-is: 1.6.18
      typed-emitter: 2.1.0
      uWebSockets.js: github.com/uNetworking/uWebSockets.js/1977b5039938ad863d42fc4958d48c17e5a1fa06
    dev: false

  /ieee754/1.2.1:
    resolution: {integrity: sha512-dcyqhDvX1C46lXZcVqCpK+FtMRQVdIMN6/Df5js2zouUsqG7I6sFxitIC+7KYK29KdXOLHdu9zL4sFnoVQnqaA==}

  /image-q/4.0.0:
    resolution: {integrity: sha512-PfJGVgIfKQJuq3s0tTDOKtztksibuUEbJQIYT3by6wctQo+Rdlh7ef4evJ5NCdxY4CfMbvFkocEwbl4BF8RlJw==}
    dependencies:
      '@types/node': 16.9.1

  /inherits/2.0.4:
    resolution: {integrity: sha512-k/vGaX4/Yla3WzyMCvTQOXYeIHvqOKtnqBduzTHpzpQZzAskKMhZ2K+EnBiSM9zGSoIFeMpXKxa4dYeZIQqewQ==}

  /is-fullwidth-code-point/3.0.0:
    resolution: {integrity: sha512-zymm5+u+sCsSWyD9qNaejV3DFvhCKclKdizYaJUuHA83RLjb7nSuGnddCHGv0hk+KY7BMAlsWeK4Ueg6EV6XQg==}
    engines: {node: '>=8'}

  /is-function/1.0.2:
    resolution: {integrity: sha512-lw7DUp0aWXYg+CBCN+JKkcE0Q2RayZnSvnZBlwgxHBQhqt5pZNVy4Ri7H9GmmXkdu7LUthszM+Tor1u/2iBcpQ==}

  /jimp/0.16.13:
    resolution: {integrity: sha512-Bxz8q7V4rnCky9A0ktTNGA9SkNFVWRHodddI/DaAWZJzF7sVUlFYKQ60y9JGqrKpi48ECA/TnfMzzc5C70VByA==}
    dependencies:
      '@babel/runtime': 7.24.7
      '@jimp/custom': 0.16.13
      '@jimp/plugins': 0.16.13_@jimp+custom@0.16.13
      '@jimp/types': 0.16.13_@jimp+custom@0.16.13
      regenerator-runtime: 0.13.11

  /jpeg-js/0.4.4:
    resolution: {integrity: sha512-WZzeDOEtTOBK4Mdsar0IqEU5sMr3vSV2RqkAIzUEV2BHnUfKGyswWFPFwK5EeDo93K3FohSHbLAjj0s1Wzd+dg==}

  /jsqr/1.4.0:
    resolution: {integrity: sha512-dxLob7q65Xg2DvstYkRpkYtmKm2sPJ9oFhrhmudT1dZvNFFTlroai3AWSpLey/w5vMcLBXRgOJsbXpdN9HzU/A==}

  /load-bmfont/1.4.1:
    resolution: {integrity: sha512-8UyQoYmdRDy81Brz6aLAUhfZLwr5zV0L3taTQ4hju7m6biuwiWiJXjPhBJxbUQJA8PrkvJ/7Enqmwk2sM14soA==}
    dependencies:
      buffer-equal: 0.0.1
      mime: 1.6.0
      parse-bmfont-ascii: 1.0.6
      parse-bmfont-binary: 1.0.6
      parse-bmfont-xml: 1.1.6
      phin: 2.9.3
      xhr: 2.6.0
      xtend: 4.0.2

  /locate-path/5.0.0:
    resolution: {integrity: sha512-t7hw9pI+WvuwNJXwk5zVHpyhIqzg2qTlklJOf0mVxGSbe3Fp2VieZcduNYjaLDoy6p9uGpQEGWG87WpMKlNq8g==}
    engines: {node: '>=8'}
    dependencies:
      p-locate: 4.1.0

  /media-typer/0.3.0:
    resolution: {integrity: sha512-dq+qelQ9akHpcOl/gUVRTxVIOkAJ1wR3QAvb4RsVjS8oVoFjDGTc679wJYmUmknUF5HwMLOgb5O+a3KxfWapPQ==}
    engines: {node: '>= 0.6'}
    dev: false

  /memory-card/1.1.2:
    resolution: {integrity: sha512-PJRBVZ71eKBGxa3rFX08TPpom4JmNHB2Tu5FgrB4SS2m5I0oxm0zPOWXJeQwH4m1RBjg1ehvf+IJ12VcwQGU8g==}
    engines: {node: '>=16', npm: '>=7'}
    dependencies:
      async-map-like: 1.0.2
      brolog: 1.14.2
    dev: true

  /mime-db/1.52.0:
    resolution: {integrity: sha512-sPU4uV7dYlvtWJxwwxHD0PuihVNiE7TyAbQ5SWxDCB9mUYvOgroQOwYQQOKPJ8CIbE+1ETVlOoK1UC2nU3gYvg==}
    engines: {node: '>= 0.6'}
    dev: false

  /mime-types/2.1.35:
    resolution: {integrity: sha512-ZDY+bPm5zTTF+YpCrAU9nK0UgICYPT0QtT1NZWFv4s++TNkcgVaT0g6+4R2uI4MjQjzysHB1zxuWL50hzaeXiw==}
    engines: {node: '>= 0.6'}
    dependencies:
      mime-db: 1.52.0
    dev: false

  /mime/1.6.0:
    resolution: {integrity: sha512-x0Vn8spI+wuJ1O6S7gnbaQg8Pxh4NNHb7KSINmEWKiPE4RKOplvijn+NkmYmmRgP68mc70j2EbeTFRsrswaQeg==}
    engines: {node: '>=4'}
    hasBin: true

  /mime/3.0.0:
    resolution: {integrity: sha512-jSCU7/VB1loIWBZe14aEYHU/+1UMEHoaO7qxCOVJOw9GgH72VAWppxNcjU+x9a2k3GSIBXNKxXQFqRvvZ7vr3A==}
    engines: {node: '>=10.0.0'}
    hasBin: true

  /min-document/2.19.0:
    resolution: {integrity: sha512-9Wy1B3m3f66bPPmU5hdA4DR4PB2OfDU/+GS3yAB7IQozE3tqXaVv2zOjgla7MEGSRv95+ILmOuvhLkOK6wJtCQ==}
    dependencies:
      dom-walk: 0.1.2

  /minimist/1.2.8:
    resolution: {integrity: sha512-2yyAR8qBkN3YuheJanUpWC5U3bb5osDywNB8RzDVlDwDHbocAJveqqj1u8+SVD7jkWT4yvsHCpWqqWqAxb0zCA==}

  /mkdirp/0.5.6:
    resolution: {integrity: sha512-FP+p8RB8OWpF3YZBCrP5gtADmtXApB5AMLn+vdyA+PyxCjrCs00mjyUozssO33cwDeT3wNGdLxJ5M//YqtHAJw==}
    hasBin: true
    dependencies:
      minimist: 1.2.8

  /negotiator/0.6.3:
    resolution: {integrity: sha512-+EUsqGPLsM+j/zdChZjsnX51g4XrHFOIXwfnCVPGlQk/k5giakcKsuxCObBRu6DSm9opw/O6slWbJdghQM4bBg==}
    engines: {node: '>= 0.6'}
    dev: false

  /omggif/1.0.10:
    resolution: {integrity: sha512-LMJTtvgc/nugXj0Vcrrs68Mn2D1r0zf630VNtqtpI1FEO7e+O9FP4gqs9AcnBaSEeoHIPm28u6qgPR0oyEpGSw==}

  /p-limit/2.3.0:
    resolution: {integrity: sha512-//88mFWSJx8lxCzwdAABTJL2MyWB12+eIY7MDL2SqLmAkeKU9qxRvWuSyTjm3FUmpBEMuFfckAIqEaVGUDxb6w==}
    engines: {node: '>=6'}
    dependencies:
      p-try: 2.2.0

  /p-locate/4.1.0:
    resolution: {integrity: sha512-R79ZZ/0wAxKGu3oYMlz8jy/kbhsNrS7SKZ7PxEHBgJ5+F2mtFW2fK2cOtBh1cHYkQsbzFV7I+EoRKe6Yt0oK7A==}
    engines: {node: '>=8'}
    dependencies:
      p-limit: 2.3.0

  /p-try/2.2.0:
    resolution: {integrity: sha512-R4nPAVTAU0B9D35/Gk3uJf/7XYbQcyohSKdvAxIRSNghFl4e71hVoGnBNQz9cWaXxO2I10KTC+3jMdvvoKw6dQ==}
    engines: {node: '>=6'}

  /pako/1.0.11:
    resolution: {integrity: sha512-4hLB8Py4zZce5s4yd9XzopqwVv/yGNhV1Bl8NTmCq1763HeK2+EwVTv+leGeL13Dnh2wfbqowVPXCIO0z4taYw==}

  /parse-bmfont-ascii/1.0.6:
    resolution: {integrity: sha512-U4RrVsUFCleIOBsIGYOMKjn9PavsGOXxbvYGtMOEfnId0SVNsgehXh1DxUdVPLoxd5mvcEtvmKs2Mmf0Mpa1ZA==}

  /parse-bmfont-binary/1.0.6:
    resolution: {integrity: sha512-GxmsRea0wdGdYthjuUeWTMWPqm2+FAd4GI8vCvhgJsFnoGhTrLhXDDupwTo7rXVAgaLIGoVHDZS9p/5XbSqeWA==}

  /parse-bmfont-xml/1.1.6:
    resolution: {integrity: sha512-0cEliVMZEhrFDwMh4SxIyVJpqYoOWDJ9P895tFuS+XuNzI5UBmBk5U5O4KuJdTnZpSBI4LFA2+ZiJaiwfSwlMA==}
    dependencies:
      xml-parse-from-string: 1.0.1
      xml2js: 0.5.0

  /parse-headers/2.0.5:
    resolution: {integrity: sha512-ft3iAoLOB/MlwbNXgzy43SWGP6sQki2jQvAyBg/zDFAgr9bfNWZIUj42Kw2eJIl8kEi4PbgE6U1Zau/HwI75HA==}

  /path-exists/4.0.0:
    resolution: {integrity: sha512-ak9Qy5Q7jYb2Wwcey5Fpvg2KoAc/ZIhLSLOSBmRmygPsGwkVVt0fZa0qrtMz+m6tJTAHfZQ8FnmB4MG4LWy7/w==}
    engines: {node: '>=8'}

  /peek-readable/4.1.0:
    resolution: {integrity: sha512-ZI3LnwUv5nOGbQzD9c2iDG6toheuXSZP5esSHBjopsXH4dg19soufvpUGA3uohi5anFtGb2lhAVdHzH6R/Evvg==}
    engines: {node: '>=8'}

  /phin/2.9.3:
    resolution: {integrity: sha512-CzFr90qM24ju5f88quFC/6qohjC144rehe5n6DH900lgXmUe86+xCKc10ev56gRKC4/BkHUoG4uSiQgBiIXwDA==}
    deprecated: Package no longer supported. Contact Support at https://www.npmjs.com/support for more info.

  /pixelmatch/4.0.2:
    resolution: {integrity: sha512-J8B6xqiO37sU/gkcMglv6h5Jbd9xNER7aHzpfRdNmV4IbQBzBpe4l9XmbG+xPF/znacgu2jfEw+wHffaq/YkXA==}
    hasBin: true
    dependencies:
      pngjs: 3.4.0

  /pngjs/3.4.0:
    resolution: {integrity: sha512-NCrCHhWmnQklfH4MtJMRjZ2a8c80qXeMlQMv2uVp9ISJMTt562SbGd6n2oq0PaPgKm7Z6pL9E2UlLIhC+SHL3w==}
    engines: {node: '>=4.0.0'}

  /pngjs/5.0.0:
    resolution: {integrity: sha512-40QW5YalBNfQo5yRYmiw7Yz6TKKVr3h6970B2YE+3fQpsWcrbj1PzJgxeJ19DRQjhMbKPIuMY8rFaXc8moolVw==}
    engines: {node: '>=10.13.0'}

  /process/0.11.10:
    resolution: {integrity: sha512-cdGef/drWFoydD1JsMzuFf8100nZl+GT+yacc2bEced5f9Rjk4z+WtFUTBu9PhOi9j/jfmBPu0mMEY4wIdAF8A==}
    engines: {node: '>= 0.6.0'}

  /proxy-from-env/1.1.0:
    resolution: {integrity: sha512-D+zkORCbA9f1tdWRK0RaCR3GPv50cMxcrz4X8k5LTSUD1Dkw47mKJEZQNunItRTkWwgtaUSo1RVFRIG9ZXiFYg==}
    dev: false

  /qrcode/1.5.3:
    resolution: {integrity: sha512-puyri6ApkEHYiVl4CFzo1tDkAZ+ATcnbJrJ6RiBM1Fhctdn/ix9MTE3hRph33omisEbC/2fcfemsseiKgBPKZg==}
    engines: {node: '>=10.13.0'}
    hasBin: true
    dependencies:
      dijkstrajs: 1.0.3
      encode-utf8: 1.0.3
      pngjs: 5.0.0
      yargs: 15.4.1

  /range-parser/1.2.1:
    resolution: {integrity: sha512-Hrgsx+orqoygnmhFbKaHE6c296J+HTAQXoxEF6gNupROmmGJRoyzfG3ccAveqCBrwr/2yxQ5BVd/GTl5agOwSg==}
    engines: {node: '>= 0.6'}
    dev: false

  /readable-stream/3.6.2:
    resolution: {integrity: sha512-9u/sniCrY3D5WdsERHzHE4G2YCXqoG5FTHUiCC4SIbr6XcLZBY05ya9EKjYek9O5xOAwjGq+1JdGBAS7Q9ScoA==}
    engines: {node: '>= 6'}
    dependencies:
      inherits: 2.0.4
      string_decoder: 1.3.0
      util-deprecate: 1.0.2

  /readable-web-to-node-stream/3.0.2:
    resolution: {integrity: sha512-ePeK6cc1EcKLEhJFt/AebMCLL+GgSKhuygrZ/GLaKZYEecIgIECf4UaUuaByiGtzckwR4ain9VzUh95T1exYGw==}
    engines: {node: '>=8'}
    dependencies:
      readable-stream: 3.6.2

  /regenerator-runtime/0.13.11:
    resolution: {integrity: sha512-kY1AZVr2Ra+t+piVaJ4gxaFaReZVH40AKNo7UCX6W+dEwBo/2oZJzqfuN1qLq1oL45o56cPaTXELwrTh8Fpggg==}

  /regenerator-runtime/0.14.1:
    resolution: {integrity: sha512-dYnhHh0nJoMfnkZs6GmmhFknAGRrLznOu5nc9ML+EJxGvrx6H7teuevqVqCuPcPK//3eDrrjQhehXVx9cnkGdw==}

  /require-directory/2.1.1:
    resolution: {integrity: sha512-fGxEI7+wsG9xrvdjsrlmL22OMTTiHRwAMroiEeMgq8gzoLC/PQr7RsRDSTLUg/bZAZtF+TVIkHc6/4RIKrui+Q==}
    engines: {node: '>=0.10.0'}

  /require-main-filename/2.0.0:
    resolution: {integrity: sha512-NKN5kMDylKuldxYLSUfrbo5Tuzh4hd+2E8NPPX02mZtn1VuREQToYe/ZdlJy+J3uCpfaiGF05e7B8W0iXbQHmg==}

  /rxjs/7.8.1:
    resolution: {integrity: sha512-AA3TVj+0A2iuIoQkWEK/tqFjBq2j+6PO6Y0zJcvzLAFhEFIO3HL0vls9hWLncZbAAbK0mar7oZ4V079I/qPMxg==}
    requiresBuild: true
    dependencies:
      tslib: 2.6.3
    optional: true

  /safe-buffer/5.2.1:
    resolution: {integrity: sha512-rp3So07KcdmmKbGvgaNxQSJr7bGVSVk5S9Eq1F+ppbRo70+YeaDxkw5Dd8NPN+GD6bjnYm2VuPuCXmpuYvmCXQ==}

  /sax/1.4.1:
    resolution: {integrity: sha512-+aWOz7yVScEGoKNd4PA10LZ8sk0A/z5+nXQG5giUO5rprX9jgYsTdov9qCchZiPIZezbZH+jRut8nPodFAX4Jg==}

  /set-blocking/2.0.0:
    resolution: {integrity: sha512-KiKBS8AnWGEyLzofFfmvKwpdPzqiy16LvQfK3yv/fVH7Bj13/wl3JSR1J+rfgRE9q7xUJK4qvgS8raSOeLUehw==}

  /state-switch/1.7.1_brolog@1.14.2+gerror@1.0.16:
    resolution: {integrity: sha512-P8G42lE6JW8l9wbYSxRfB81qTGJw+z4fXN9jSRpOy5i09oonoFcOZGGObvYyiMz7pxatTzbWzhHi+ioKzflm2g==}
    engines: {node: '>=16', npm: '>=7'}
    peerDependencies:
      brolog: ^1.14.2
      gerror: ^1.0.16
      rxjs: ^7.4.0
    dependencies:
      '@pipeletteio/nop': 1.0.5
      brolog: 1.14.2
      gerror: 1.0.16
      xstate: 4.38.3
    dev: true

  /streamsearch/1.1.0:
    resolution: {integrity: sha512-Mcc5wHehp9aXz1ax6bZUyY5afg9u2rv5cqQI3mRrYkGC8rW2hM02jWuwjtL++LS5qinSyhj2QfLyNsuc+VsExg==}
    engines: {node: '>=10.0.0'}
    dev: false

  /string-width/4.2.3:
    resolution: {integrity: sha512-wKyQRQpjJ0sIp62ErSZdGsjMJWsap5oRNihHhu6G7JVO/9jIB6UyevL+tXuOqrng8j/cxKTWyWUwvSTriiZz/g==}
    engines: {node: '>=8'}
    dependencies:
      emoji-regex: 8.0.0
      is-fullwidth-code-point: 3.0.0
      strip-ansi: 6.0.1

  /string_decoder/1.3.0:
    resolution: {integrity: sha512-hkRX8U1WjJFd8LsDJ2yQ/wWWxaopEsABU1XfkM8A+j0+85JAGppt16cr1Whg6KIbb4okU6Mql6BOj+uup/wKeA==}
    dependencies:
      safe-buffer: 5.2.1

  /strip-ansi/6.0.1:
    resolution: {integrity: sha512-Y38VPSHcqkFrCpFnQ9vuSXmquuv5oXOKpGeT6aGrr3o3Gc9AlVa6JBfUSOCnbxGGZF+/0ooI7KrPuUSztUdU5A==}
    engines: {node: '>=8'}
    dependencies:
      ansi-regex: 5.0.1

  /strtok3/6.3.0:
    resolution: {integrity: sha512-fZtbhtvI9I48xDSywd/somNqgUHl2L2cstmXCCif0itOf96jeW18MBSyrLuNicYQVkvpOxkZtkzujiTJ9LW5Jw==}
    engines: {node: '>=10'}
    dependencies:
      '@tokenizer/token': 0.3.0
      peek-readable: 4.1.0

  /timm/1.7.1:
    resolution: {integrity: sha512-IjZc9KIotudix8bMaBW6QvMuq64BrJWFs1+4V0lXwWGQZwH+LnX87doAYhem4caOEusRP9/g6jVDQmZ8XOk1nw==}

  /tinycolor2/1.6.0:
    resolution: {integrity: sha512-XPaBkWQJdsf3pLKJV9p4qN/S+fm2Oj8AIPo1BTUhg5oxkvm9+SVEGFdhyOz7tTdUTfvxMiAs4sp6/eZO2Ew+pw==}

  /token-types/4.2.1:
    resolution: {integrity: sha512-6udB24Q737UD/SDsKAHI9FCRP7Bqc9D/MQUV02ORQg5iskjtLJlZJNdN4kKtcdtwCeWIwIHDGaUsTsCCAa8sFQ==}
    engines: {node: '>=10'}
    dependencies:
      '@tokenizer/token': 0.3.0
      ieee754: 1.2.1

  /tslib/2.6.3:
    resolution: {integrity: sha512-xNvxJEOUiWPGhUuUdQgAJPKOOJfGnIyKySOc09XkKsgdUV/3E2zvwZYdejjmRgPCgcym1juLH3226yA7sEFJKQ==}
    optional: true

  /type-is/1.6.18:
    resolution: {integrity: sha512-TkRKr9sUTxEH8MdfuCSP7VizJyzRNMjj2J2do2Jr3Kym598JVdEksuzPQCnlFPW4ky9Q+iA+ma9BGm06XQBy8g==}
    engines: {node: '>= 0.6'}
    dependencies:
      media-typer: 0.3.0
      mime-types: 2.1.35
    dev: false

  /typed-emitter/1.5.0-from-event:
    resolution: {integrity: sha512-KfCo0Zhj/5HSs5gxBINypaS/vMg/8KwyWeuD3YsBsIT95vRopuYWc5LE7sqpWydzNc6Zd/uQ1EHPZ/dpsmJSzw==}
    optionalDependencies:
      rxjs: 7.8.1
    dev: true

  /typed-emitter/2.1.0:
    resolution: {integrity: sha512-g/KzbYKbH5C2vPkaXGu8DJlHrGKHLsM25Zg9WuC9pMGfuvT+X25tZQWo5fK1BjBm8+UrVE9LDCvaY0CQk+fXDA==}
    optionalDependencies:
      rxjs: 7.8.1
    dev: false

  /typesafe-actions/5.1.0:
    resolution: {integrity: sha512-bna6Yi1pRznoo6Bz1cE6btB/Yy8Xywytyfrzu/wc+NFW3ZF0I+2iCGImhBsoYYCOWuICtRO4yHcnDlzgo1AdNg==}
    engines: {node: '>= 4'}
    dev: true

  /typescript/5.4.5:
    resolution: {integrity: sha512-vcI4UpRgg81oIRUFwR0WSIHKt11nJ7SAVlYNIu+QpqeyXP+gpQJy/Z4+F0aGxSE4MqwjyXvW/TzgkLAx2AGHwQ==}
    engines: {node: '>=14.17'}
    hasBin: true
    dev: true

  /undici-types/5.26.5:
    resolution: {integrity: sha512-JlCMO+ehdEIKqlFxk6IfVoAUVmgz7cU7zD/h9XZ0qzeosSHmUJVOzSQvvYSYWXkFXC+IfLKSIffhv0sVZup6pA==}
    dev: true

  /utif/2.0.1:
    resolution: {integrity: sha512-Z/S1fNKCicQTf375lIP9G8Sa1H/phcysstNrrSdZKj1f9g58J4NMgb5IgiEZN9/nLMPDwF0W7hdOe9Qq2IYoLg==}
    dependencies:
      pako: 1.0.11

  /util-deprecate/1.0.2:
    resolution: {integrity: sha512-EPD5q1uXyFxJpCrLnCc1nHnq3gOa6DZBocAIiI2TaSCA7VCJ1UJDMagCzIkXNsUYfD1daK//LTEQ8xiIbrHtcw==}

  /uuid/8.3.2:
    resolution: {integrity: sha512-+NYs2QeMWy+GWFOEm9xnn6HCDp0l7QBD7ml8zLUmJ+93Q5NF0NocErnwkTkXVFNiX3/fpC6afS8Dhb/gz7R7eg==}
    hasBin: true

  /watchdog/0.9.2:
    resolution: {integrity: sha512-bJ5u3KYaTXFhfT83CemH5l3DCmvXSjYHFOv2cE9SS1oRRlMLTFcOUNMVsAXNvAHWkRCnv/iTGs0JIVmJAN99Bg==}
    engines: {node: '>=16', npm: '>=7'}
    dependencies:
      brolog: 1.14.2
    dev: true

  /wechaty-puppet/1.20.2:
    resolution: {integrity: sha512-IXcnUc9A3hGIT+9CEF8KLkbdld+AQPfVlWLeUXmmSvm3I9NbSbVfU43FZvKMjvLCexvN5DZq2+JZdASESohI5Q==}
    engines: {node: '>=16', npm: '>=7'}
    dependencies:
      '@alloc/quick-lru': 5.2.0
      brolog: 1.14.2
      clone-class: 1.1.3
      file-box: 1.4.15
      fp-ts: 2.16.6
      gerror: 1.0.16
      memory-card: 1.1.2
      state-switch: 1.7.1_brolog@1.14.2+gerror@1.0.16
      typed-emitter: 1.5.0-from-event
      typesafe-actions: 5.1.0
      uuid: 8.3.2
      watchdog: 0.9.2
    transitivePeerDependencies:
      - rxjs
    dev: true

  /which-module/2.0.1:
    resolution: {integrity: sha512-iBdZ57RDvnOR9AGBhML2vFZf7h8vmBjhoaZqODJBFWHVtKkDmKuHai3cx5PgVMrX5YDNp27AofYbAwctSS+vhQ==}

  /wrap-ansi/6.2.0:
    resolution: {integrity: sha512-r6lPcBGxZXlIcymEu7InxDMhdW0KDxpLgoFLcguasxCaJ/SOIZwINatK9KY/tf+ZrlywOKU0UDj3ATXUBfxJXA==}
    engines: {node: '>=8'}
    dependencies:
      ansi-styles: 4.3.0
      string-width: 4.2.3
      strip-ansi: 6.0.1

  /xhr/2.6.0:
    resolution: {integrity: sha512-/eCGLb5rxjx5e3mF1A7s+pLlR6CGyqWN91fv1JgER5mVWg1MZmlhBvy9kjcsOdRk8RrIujotWyJamfyrp+WIcA==}
    dependencies:
      global: 4.4.0
      is-function: 1.0.2
      parse-headers: 2.0.5
      xtend: 4.0.2

  /xml-parse-from-string/1.0.1:
    resolution: {integrity: sha512-ErcKwJTF54uRzzNMXq2X5sMIy88zJvfN2DmdoQvy7PAFJ+tPRU6ydWuOKNMyfmOjdyBQTFREi60s0Y0SyI0G0g==}

  /xml2js/0.5.0:
    resolution: {integrity: sha512-drPFnkQJik/O+uPKpqSgr22mpuFHqKdbS835iAQrUC73L2F5WkboIRd63ai/2Yg6I1jzifPFKH2NTK+cfglkIA==}
    engines: {node: '>=4.0.0'}
    dependencies:
      sax: 1.4.1
      xmlbuilder: 11.0.1

  /xmlbuilder/11.0.1:
    resolution: {integrity: sha512-fDlsI/kFEx7gLvbecc0/ohLG50fugQp8ryHzMTuW9vSa1GJ0XYWKnhsUx7oie3G98+r56aTQIUB4kht42R3JvA==}
    engines: {node: '>=4.0'}

  /xstate/4.38.3:
    resolution: {integrity: sha512-SH7nAaaPQx57dx6qvfcIgqKRXIh4L0A1iYEqim4s1u7c9VoCgzZc+63FY90AKU4ZzOC2cfJzTnpO4zK7fCUzzw==}
    dev: true

  /xtend/4.0.2:
    resolution: {integrity: sha512-LKYU1iAXJXUgAXn9URjiu+MWhyUXHsvfp7mcuYm9dSUKK0/CjtrUwFAxD82/mCWbtLsGjFIad0wIsod4zrTAEQ==}
    engines: {node: '>=0.4'}

  /y18n/4.0.3:
    resolution: {integrity: sha512-JKhqTOwSrqNA1NY5lSztJ1GrBiUodLMmIZuLiDaMRJ+itFd+ABVE8XBjOvIWL+rSqNDC74LCSFmlb/U4UZ4hJQ==}

  /yargs-parser/18.1.3:
    resolution: {integrity: sha512-o50j0JeToy/4K6OZcaQmW6lyXXKhq7csREXcDwk2omFPJEwUNOVtJKvmDr9EI1fAJZUyZcRF7kxGBWmRXudrCQ==}
    engines: {node: '>=6'}
    dependencies:
      camelcase: 5.3.1
      decamelize: 1.2.0

  /yargs/15.4.1:
    resolution: {integrity: sha512-aePbxDmcYW++PaqBsJ+HYUFwCdv4LVvdnhBy78E57PIor8/OVvhMrADFFEDh8DHDFRv/O9i3lPhsENjO7QX0+A==}
    engines: {node: '>=8'}
    dependencies:
      cliui: 6.0.0
      decamelize: 1.2.0
      find-up: 4.1.0
      get-caller-file: 2.0.5
      require-directory: 2.1.1
      require-main-filename: 2.0.0
      set-blocking: 2.0.0
      string-width: 4.2.3
      which-module: 2.0.1
      y18n: 4.0.3
      yargs-parser: 18.1.3

  github.com/uNetworking/uWebSockets.js/1977b5039938ad863d42fc4958d48c17e5a1fa06:
    resolution: {tarball: https://codeload.github.com/uNetworking/uWebSockets.js/tar.gz/1977b5039938ad863d42fc4958d48c17e5a1fa06}
    name: uWebSockets.js
    version: 20.43.0
    dev: false
